
Microsoft Visual Studio Solution File, Format Version 11.00
# Visual Studio 2010
Project("{FAE04EC0-301F-11D3-BF4B-00C04F79EFBC}") = "Assembly-CSharp-firstpass", "Assembly-CSharp-firstpass.csproj", "{f7925a03-7817-372a-a42b-71f8c78fbde3}"
EndProject
Project("{FAE04EC0-301F-11D3-BF4B-00C04F79EFBC}") = "Assembly-CSharp", "Assembly-CSharp.csproj", "{1702a6f9-7d2b-aa11-59e0-2ff5388eec22}"
EndProject
Project("{FAE04EC0-301F-11D3-BF4B-00C04F79EFBC}") = "Assembly-CSharp-Editor", "Assembly-CSharp-Editor.csproj", "{b07c8030-6cae-16e3-c4d5-d12d78a9bdb9}"
EndProject
Global
	GlobalSection(SolutionConfigurationPlatforms) = preSolution
		Debug|Any CPU = Debug|Any CPU
		Release|Any CPU = Release|Any CPU
	EndGlobalSection
	GlobalSection(ProjectConfigurationPlatforms) = postSolution
		{f7925a03-7817-372a-a42b-71f8c78fbde3}.Debug|Any CPU.ActiveCfg = Debug|Any CPU
		{f7925a03-7817-372a-a42b-71f8c78fbde3}.Debug|Any CPU.Build.0 = Debug|Any CPU
		{f7925a03-7817-372a-a42b-71f8c78fbde3}.Release|Any CPU.ActiveCfg = Release|Any CPU
		{f7925a03-7817-372a-a42b-71f8c78fbde3}.Release|Any CPU.Build.0 = Release|Any CPU
		{1702a6f9-7d2b-aa11-59e0-2ff5388eec22}.Debug|Any CPU.ActiveCfg = Debug|Any CPU
		{1702a6f9-7d2b-aa11-59e0-2ff5388eec22}.Debug|Any CPU.Build.0 = Debug|Any CPU
		{1702a6f9-7d2b-aa11-59e0-2ff5388eec22}.Release|Any CPU.ActiveCfg = Release|Any CPU
		{1702a6f9-7d2b-aa11-59e0-2ff5388eec22}.Release|Any CPU.Build.0 = Release|Any CPU
		{b07c8030-6cae-16e3-c4d5-d12d78a9bdb9}.Debug|Any CPU.ActiveCfg = Debug|Any CPU
		{b07c8030-6cae-16e3-c4d5-d12d78a9bdb9}.Debug|Any CPU.Build.0 = Debug|Any CPU
		{b07c8030-6cae-16e3-c4d5-d12d78a9bdb9}.Release|Any CPU.ActiveCfg = Release|Any CPU
		{b07c8030-6cae-16e3-c4d5-d12d78a9bdb9}.Release|Any CPU.Build.0 = Release|Any CPU
	EndGlobalSection
	GlobalSection(SolutionProperties) = preSolution
		HideSolutionNode = FALSE
	EndGlobalSection
EndGlobal
